
Microsoft Visual Studio Solution File, Format Version 12.00
# Visual Studio Version 17
VisualStudioVersion = 17.3.32929.385
MinimumVisualStudioVersion = 10.0.40219.1
Project("{FAE04EC0-301F-11D3-BF4B-00C04F79EFBC}") = "Recomendation.Api", "Recomendation.Api\Recomendation.Api.csproj", "{4C9670E6-7426-4CFF-8727-1EF5C870512D}"
EndProject
Global
	GlobalSection(SolutionConfigurationPlatforms) = preSolution
		Debug|Any CPU = Debug|Any CPU
		Release|Any CPU = Release|Any CPU
	EndGlobalSection
	GlobalSection(ProjectConfigurationPlatforms) = postSolution
		{4C9670E6-7426-4CFF-8727-1EF5C870512D}.Debug|Any CPU.ActiveCfg = Debug|Any CPU
		{4C9670E6-7426-4CFF-8727-1EF5C870512D}.Debug|Any CPU.Build.0 = Debug|Any CPU
		{4C9670E6-7426-4CFF-8727-1EF5C870512D}.Release|Any CPU.ActiveCfg = Release|Any CPU
		{4C9670E6-7426-4CFF-8727-1EF5C870512D}.Release|Any CPU.Build.0 = Release|Any CPU
	EndGlobalSection
	GlobalSection(SolutionProperties) = preSolution
		HideSolutionNode = FALSE
	EndGlobalSection
	GlobalSection(ExtensibilityGlobals) = postSolution
		SolutionGuid = {699166CB-D166-4224-AA2F-7153932AE441}
	EndGlobalSection
EndGlobal
